
Microsoft Visual Studio Solution File, Format Version 12.00
# Visual Studio Version 17
VisualStudioVersion = 17.5.33627.172
MinimumVisualStudioVersion = 10.0.40219.1
Project("{FAE04EC0-301F-11D3-BF4B-00C04F79EFBC}") = "Pe2Grp (Master page)", "Pe2Grp (Master page).csproj", "{CBDAC797-5276-41DA-897B-26704987B7CB}"
EndProject
Global
	GlobalSection(SolutionConfigurationPlatforms) = preSolution
		Debug|Any CPU = Debug|Any CPU
		Release|Any CPU = Release|Any CPU
	EndGlobalSection
	GlobalSection(ProjectConfigurationPlatforms) = postSolution
		{CBDAC797-5276-41DA-897B-26704987B7CB}.Debug|Any CPU.ActiveCfg = Debug|Any CPU
		{CBDAC797-5276-41DA-897B-26704987B7CB}.Debug|Any CPU.Build.0 = Debug|Any CPU
		{CBDAC797-5276-41DA-897B-26704987B7CB}.Release|Any CPU.ActiveCfg = Release|Any CPU
		{CBDAC797-5276-41DA-897B-26704987B7CB}.Release|Any CPU.Build.0 = Release|Any CPU
	EndGlobalSection
	GlobalSection(SolutionProperties) = preSolution
		HideSolutionNode = FALSE
	EndGlobalSection
	GlobalSection(ExtensibilityGlobals) = postSolution
		SolutionGuid = {9AFFA4F0-9927-4406-8D81-986EEECA872F}
	EndGlobalSection
EndGlobal
